// !$*UTF8*$!
{
	archiveVersion = 1;
	classes = {
	};
	objectVersion = 48;
	objects = {

/* Begin PBXBuildFile section */
		201B7933205A6D15004CAFEC /* AVCaptureSessionManager.swift in Sources */ = {isa = PBXBuildFile; fileRef = 201B7930205A6D15004CAFEC /* AVCaptureSessionManager.swift */; };
		201B7934205A6D15004CAFEC /* UIImage+ZZYQRCodeImage.swift in Sources */ = {isa = PBXBuildFile; fileRef = 201B7931205A6D15004CAFEC /* UIImage+ZZYQRCodeImage.swift */; };
		201B7935205A6D15004CAFEC /* ZZYQRCode.bundle in Resources */ = {isa = PBXBuildFile; fileRef = 201B7932205A6D15004CAFEC /* ZZYQRCode.bundle */; };
		202034AF1FFB735200DCD534 /* Room.swift in Sources */ = {isa = PBXBuildFile; fileRef = 202034AE1FFB735200DCD534 /* Room.swift */; };
		202034B11FFB783800DCD534 /* Booking.swift in Sources */ = {isa = PBXBuildFile; fileRef = 202034B01FFB783800DCD534 /* Booking.swift */; };
		202034B31FFBB3C400DCD534 /* RoomDetailViewController.swift in Sources */ = {isa = PBXBuildFile; fileRef = 202034B21FFBB3C400DCD534 /* RoomDetailViewController.swift */; };
		202034B81FFBB42E00DCD534 /* DatePickerController.swift in Sources */ = {isa = PBXBuildFile; fileRef = 202034B61FFBB42D00DCD534 /* DatePickerController.swift */; };
		202034B91FFBB42E00DCD534 /* StyleGenerator.swift in Sources */ = {isa = PBXBuildFile; fileRef = 202034B71FFBB42E00DCD534 /* StyleGenerator.swift */; };
		2047044720635CCD003A8CB2 /* RoomsManageViewController.swift in Sources */ = {isa = PBXBuildFile; fileRef = 2047044620635CCD003A8CB2 /* RoomsManageViewController.swift */; };
		2047044920638A62003A8CB2 /* BookingsViewController.swift in Sources */ = {isa = PBXBuildFile; fileRef = 2047044820638A62003A8CB2 /* BookingsViewController.swift */; };
		207C5A7E2024733B00739CFC /* Stryng.swift in Sources */ = {isa = PBXBuildFile; fileRef = 207C5A7D2024733B00739CFC /* Stryng.swift */; };
		209430CC1FF2248E00F3BDC0 /* IDCardViewController.swift in Sources */ = {isa = PBXBuildFile; fileRef = 209430CB1FF2248E00F3BDC0 /* IDCardViewController.swift */; };
		20A6C2742057A9FB0082F6F4 /* DesignableUITextField.swift in Sources */ = {isa = PBXBuildFile; fileRef = 20A6C2732057A9FB0082F6F4 /* DesignableUITextField.swift */; };
		20BF6DA41FE50ECD001FE977 /* AppDelegate.swift in Sources */ = {isa = PBXBuildFile; fileRef = 20BF6DA31FE50ECD001FE977 /* AppDelegate.swift */; };
		20BF6DA61FE50ECD001FE977 /* LoginViewController.swift in Sources */ = {isa = PBXBuildFile; fileRef = 20BF6DA51FE50ECD001FE977 /* LoginViewController.swift */; };
		20BF6DA91FE50ECD001FE977 /* Main.storyboard in Resources */ = {isa = PBXBuildFile; fileRef = 20BF6DA71FE50ECD001FE977 /* Main.storyboard */; };
		20BF6DAB1FE50ECD001FE977 /* Assets.xcassets in Resources */ = {isa = PBXBuildFile; fileRef = 20BF6DAA1FE50ECD001FE977 /* Assets.xcassets */; };
		20BF6DAE1FE50ECD001FE977 /* LaunchScreen.storyboard in Resources */ = {isa = PBXBuildFile; fileRef = 20BF6DAC1FE50ECD001FE977 /* LaunchScreen.storyboard */; };
		20BF6DB91FE50ECE001FE977 /* BookingTests.swift in Sources */ = {isa = PBXBuildFile; fileRef = 20BF6DB81FE50ECE001FE977 /* BookingTests.swift */; };
		20BF6DC41FE50ECE001FE977 /* BookingUITests.swift in Sources */ = {isa = PBXBuildFile; fileRef = 20BF6DC31FE50ECE001FE977 /* BookingUITests.swift */; };
		20BF6DD21FE52D62001FE977 /* RegisterViewController.swift in Sources */ = {isa = PBXBuildFile; fileRef = 20BF6DD11FE52D62001FE977 /* RegisterViewController.swift */; };
		20BF6DD41FE53BA1001FE977 /* HistoryViewController.swift in Sources */ = {isa = PBXBuildFile; fileRef = 20BF6DD31FE53BA1001FE977 /* HistoryViewController.swift */; };
		20C1CC77205A6A740008135A /* ScanViewController.swift in Sources */ = {isa = PBXBuildFile; fileRef = 20C1CC76205A6A740008135A /* ScanViewController.swift */; };
		20FE3C742037CECF00FEBD6E /* RoomsViewController.swift in Sources */ = {isa = PBXBuildFile; fileRef = 20FE3C732037CECF00FEBD6E /* RoomsViewController.swift */; };
		8B3AEB08BB1FB5AB40676B8B /* Pods_BookingTests.framework in Frameworks */ = {isa = PBXBuildFile; fileRef = 07590099FE1E04946E916913 /* Pods_BookingTests.framework */; };
		9063060CA7FB4450D40E1CFE /* Pods_Booking.framework in Frameworks */ = {isa = PBXBuildFile; fileRef = 894EB893C443391628107BE3 /* Pods_Booking.framework */; };
		9AFE1C24F0DBAAD08FE6CB9B /* Pods_BookingUITests.framework in Frameworks */ = {isa = PBXBuildFile; fileRef = E1F42BE24ACDB7237B3D2A69 /* Pods_BookingUITests.framework */; };
/* End PBXBuildFile section */

/* Begin PBXContainerItemProxy section */
		20BF6DB51FE50ECE001FE977 /* PBXContainerItemProxy */ = {
			isa = PBXContainerItemProxy;
			containerPortal = 20BF6D981FE50ECD001FE977 /* Project object */;
			proxyType = 1;
			remoteGlobalIDString = 20BF6D9F1FE50ECD001FE977;
			remoteInfo = Booking;
		};
		20BF6DC01FE50ECE001FE977 /* PBXContainerItemProxy */ = {
			isa = PBXContainerItemProxy;
			containerPortal = 20BF6D981FE50ECD001FE977 /* Project object */;
			proxyType = 1;
			remoteGlobalIDString = 20BF6D9F1FE50ECD001FE977;
			remoteInfo = Booking;
		};
/* End PBXContainerItemProxy section */

/* Begin PBXFileReference section */
		07590099FE1E04946E916913 /* Pods_BookingTests.framework */ = {isa = PBXFileReference; explicitFileType = wrapper.framework; includeInIndex = 0; path = Pods_BookingTests.framework; sourceTree = BUILT_PRODUCTS_DIR; };
		201B7930205A6D15004CAFEC /* AVCaptureSessionManager.swift */ = {isa = PBXFileReference; fileEncoding = 4; lastKnownFileType = sourcecode.swift; path = AVCaptureSessionManager.swift; sourceTree = "<group>"; };
		201B7931205A6D15004CAFEC /* UIImage+ZZYQRCodeImage.swift */ = {isa = PBXFileReference; fileEncoding = 4; lastKnownFileType = sourcecode.swift; path = "UIImage+ZZYQRCodeImage.swift"; sourceTree = "<group>"; };
		201B7932205A6D15004CAFEC /* ZZYQRCode.bundle */ = {isa = PBXFileReference; lastKnownFileType = "wrapper.plug-in"; path = ZZYQRCode.bundle; sourceTree = "<group>"; };
		202034AE1FFB735200DCD534 /* Room.swift */ = {isa = PBXFileReference; lastKnownFileType = sourcecode.swift; path = Room.swift; sourceTree = "<group>"; };
		202034B01FFB783800DCD534 /* Booking.swift */ = {isa = PBXFileReference; lastKnownFileType = sourcecode.swift; path = Booking.swift; sourceTree = "<group>"; };
		202034B21FFBB3C400DCD534 /* RoomDetailViewController.swift */ = {isa = PBXFileReference; fileEncoding = 4; lastKnownFileType = sourcecode.swift; path = RoomDetailViewController.swift; sourceTree = "<group>"; };
		202034B61FFBB42D00DCD534 /* DatePickerController.swift */ = {isa = PBXFileReference; fileEncoding = 4; lastKnownFileType = sourcecode.swift; path = DatePickerController.swift; sourceTree = "<group>"; };
		202034B71FFBB42E00DCD534 /* StyleGenerator.swift */ = {isa = PBXFileReference; fileEncoding = 4; lastKnownFileType = sourcecode.swift; path = StyleGenerator.swift; sourceTree = "<group>"; };
		2047044620635CCD003A8CB2 /* RoomsManageViewController.swift */ = {isa = PBXFileReference; lastKnownFileType = sourcecode.swift; path = RoomsManageViewController.swift; sourceTree = "<group>"; };
		2047044820638A62003A8CB2 /* BookingsViewController.swift */ = {isa = PBXFileReference; lastKnownFileType = sourcecode.swift; path = BookingsViewController.swift; sourceTree = "<group>"; };
		207C5A7D2024733B00739CFC /* Stryng.swift */ = {isa = PBXFileReference; fileEncoding = 4; lastKnownFileType = sourcecode.swift; path = Stryng.swift; sourceTree = "<group>"; };
		209430CB1FF2248E00F3BDC0 /* IDCardViewController.swift */ = {isa = PBXFileReference; lastKnownFileType = sourcecode.swift; path = IDCardViewController.swift; sourceTree = "<group>"; };
		20A6C2732057A9FB0082F6F4 /* DesignableUITextField.swift */ = {isa = PBXFileReference; lastKnownFileType = sourcecode.swift; path = DesignableUITextField.swift; sourceTree = "<group>"; };
		20BF6DA01FE50ECD001FE977 /* Booking.app */ = {isa = PBXFileReference; explicitFileType = wrapper.application; includeInIndex = 0; path = Booking.app; sourceTree = BUILT_PRODUCTS_DIR; };
		20BF6DA31FE50ECD001FE977 /* AppDelegate.swift */ = {isa = PBXFileReference; lastKnownFileType = sourcecode.swift; path = AppDelegate.swift; sourceTree = "<group>"; };
		20BF6DA51FE50ECD001FE977 /* LoginViewController.swift */ = {isa = PBXFileReference; lastKnownFileType = sourcecode.swift; path = LoginViewController.swift; sourceTree = "<group>"; };
		20BF6DA81FE50ECD001FE977 /* Base */ = {isa = PBXFileReference; lastKnownFileType = file.storyboard; name = Base; path = Base.lproj/Main.storyboard; sourceTree = "<group>"; };
		20BF6DAA1FE50ECD001FE977 /* Assets.xcassets */ = {isa = PBXFileReference; lastKnownFileType = folder.assetcatalog; path = Assets.xcassets; sourceTree = "<group>"; };
		20BF6DAD1FE50ECD001FE977 /* Base */ = {isa = PBXFileReference; lastKnownFileType = file.storyboard; name = Base; path = Base.lproj/LaunchScreen.storyboard; sourceTree = "<group>"; };
		20BF6DAF1FE50ECD001FE977 /* Info.plist */ = {isa = PBXFileReference; lastKnownFileType = text.plist.xml; path = Info.plist; sourceTree = "<group>"; };
		20BF6DB41FE50ECE001FE977 /* BookingTests.xctest */ = {isa = PBXFileReference; explicitFileType = wrapper.cfbundle; includeInIndex = 0; path = BookingTests.xctest; sourceTree = BUILT_PRODUCTS_DIR; };
		20BF6DB81FE50ECE001FE977 /* BookingTests.swift */ = {isa = PBXFileReference; lastKnownFileType = sourcecode.swift; path = BookingTests.swift; sourceTree = "<group>"; };
		20BF6DBA1FE50ECE001FE977 /* Info.plist */ = {isa = PBXFileReference; lastKnownFileType = text.plist.xml; path = Info.plist; sourceTree = "<group>"; };
		20BF6DBF1FE50ECE001FE977 /* BookingUITests.xctest */ = {isa = PBXFileReference; explicitFileType = wrapper.cfbundle; includeInIndex = 0; path = BookingUITests.xctest; sourceTree = BUILT_PRODUCTS_DIR; };
		20BF6DC31FE50ECE001FE977 /* BookingUITests.swift */ = {isa = PBXFileReference; lastKnownFileType = sourcecode.swift; path = BookingUITests.swift; sourceTree = "<group>"; };
		20BF6DC51FE50ECE001FE977 /* Info.plist */ = {isa = PBXFileReference; lastKnownFileType = text.plist.xml; path = Info.plist; sourceTree = "<group>"; };
		20BF6DD11FE52D62001FE977 /* RegisterViewController.swift */ = {isa = PBXFileReference; lastKnownFileType = sourcecode.swift; path = RegisterViewController.swift; sourceTree = "<group>"; };
		20BF6DD31FE53BA1001FE977 /* HistoryViewController.swift */ = {isa = PBXFileReference; lastKnownFileType = sourcecode.swift; path = HistoryViewController.swift; sourceTree = "<group>"; };
		20C1CC76205A6A740008135A /* ScanViewController.swift */ = {isa = PBXFileReference; fileEncoding = 4; lastKnownFileType = sourcecode.swift; path = ScanViewController.swift; sourceTree = "<group>"; };
		20FE3C732037CECF00FEBD6E /* RoomsViewController.swift */ = {isa = PBXFileReference; lastKnownFileType = sourcecode.swift; path = RoomsViewController.swift; sourceTree = "<group>"; };
		61A29A2BFD5CD7E8583D5EA4 /* Pods-BookingTests.release.xcconfig */ = {isa = PBXFileReference; includeInIndex = 1; lastKnownFileType = text.xcconfig; name = "Pods-BookingTests.release.xcconfig"; path = "Pods/Target Support Files/Pods-BookingTests/Pods-BookingTests.release.xcconfig"; sourceTree = "<group>"; };
		67BA77E21F63A8D6603039C4 /* Pods-Booking.release.xcconfig */ = {isa = PBXFileReference; includeInIndex = 1; lastKnownFileType = text.xcconfig; name = "Pods-Booking.release.xcconfig"; path = "Pods/Target Support Files/Pods-Booking/Pods-Booking.release.xcconfig"; sourceTree = "<group>"; };
		894EB893C443391628107BE3 /* Pods_Booking.framework */ = {isa = PBXFileReference; explicitFileType = wrapper.framework; includeInIndex = 0; path = Pods_Booking.framework; sourceTree = BUILT_PRODUCTS_DIR; };
		8DDE295CC27596FC89A00AA3 /* Pods-BookingUITests.debug.xcconfig */ = {isa = PBXFileReference; includeInIndex = 1; lastKnownFileType = text.xcconfig; name = "Pods-BookingUITests.debug.xcconfig"; path = "Pods/Target Support Files/Pods-BookingUITests/Pods-BookingUITests.debug.xcconfig"; sourceTree = "<group>"; };
		953EFDB8F3DC4AF33878877D /* Pods-BookingUITests.release.xcconfig */ = {isa = PBXFileReference; includeInIndex = 1; lastKnownFileType = text.xcconfig; name = "Pods-BookingUITests.release.xcconfig"; path = "Pods/Target Support Files/Pods-BookingUITests/Pods-BookingUITests.release.xcconfig"; sourceTree = "<group>"; };
		9B6EF6509E584AA4D7CD4005 /* Pods-BookingTests.debug.xcconfig */ = {isa = PBXFileReference; includeInIndex = 1; lastKnownFileType = text.xcconfig; name = "Pods-BookingTests.debug.xcconfig"; path = "Pods/Target Support Files/Pods-BookingTests/Pods-BookingTests.debug.xcconfig"; sourceTree = "<group>"; };
		E1F42BE24ACDB7237B3D2A69 /* Pods_BookingUITests.framework */ = {isa = PBXFileReference; explicitFileType = wrapper.framework; includeInIndex = 0; path = Pods_BookingUITests.framework; sourceTree = BUILT_PRODUCTS_DIR; };
		F265E8480ED7207BB1C1AFD7 /* Pods-Booking.debug.xcconfig */ = {isa = PBXFileReference; includeInIndex = 1; lastKnownFileType = text.xcconfig; name = "Pods-Booking.debug.xcconfig"; path = "Pods/Target Support Files/Pods-Booking/Pods-Booking.debug.xcconfig"; sourceTree = "<group>"; };
/* End PBXFileReference section */

/* Begin PBXFrameworksBuildPhase section */
		20BF6D9D1FE50ECD001FE977 /* Frameworks */ = {
			isa = PBXFrameworksBuildPhase;
			buildActionMask = 2147483647;
			files = (
				9063060CA7FB4450D40E1CFE /* Pods_Booking.framework in Frameworks */,
			);
			runOnlyForDeploymentPostprocessing = 0;
		};
		20BF6DB11FE50ECE001FE977 /* Frameworks */ = {
			isa = PBXFrameworksBuildPhase;
			buildActionMask = 2147483647;
			files = (
				8B3AEB08BB1FB5AB40676B8B /* Pods_BookingTests.framework in Frameworks */,
			);
			runOnlyForDeploymentPostprocessing = 0;
		};
		20BF6DBC1FE50ECE001FE977 /* Frameworks */ = {
			isa = PBXFrameworksBuildPhase;
			buildActionMask = 2147483647;
			files = (
				9AFE1C24F0DBAAD08FE6CB9B /* Pods_BookingUITests.framework in Frameworks */,
			);
			runOnlyForDeploymentPostprocessing = 0;
		};
/* End PBXFrameworksBuildPhase section */

/* Begin PBXGroup section */
		201B792F205A6D15004CAFEC /* ZZYQRCodeSwift */ = {
			isa = PBXGroup;
			children = (
				201B7930205A6D15004CAFEC /* AVCaptureSessionManager.swift */,
				201B7931205A6D15004CAFEC /* UIImage+ZZYQRCodeImage.swift */,
				201B7932205A6D15004CAFEC /* ZZYQRCode.bundle */,
			);
			path = ZZYQRCodeSwift;
			sourceTree = "<group>";
		};
		202034B51FFBB40900DCD534 /* CalendarKit */ = {
			isa = PBXGroup;
			children = (
				202034B61FFBB42D00DCD534 /* DatePickerController.swift */,
				202034B71FFBB42E00DCD534 /* StyleGenerator.swift */,
			);
			path = CalendarKit;
			sourceTree = "<group>";
		};
		2047044220634DC9003A8CB2 /* Admin_Page */ = {
			isa = PBXGroup;
			children = (
				20C1CC76205A6A740008135A /* ScanViewController.swift */,
				2047044620635CCD003A8CB2 /* RoomsManageViewController.swift */,
				2047044820638A62003A8CB2 /* BookingsViewController.swift */,
			);
			path = Admin_Page;
			sourceTree = "<group>";
		};
		2047044320634DF1003A8CB2 /* library */ = {
			isa = PBXGroup;
			children = (
				20A6C2732057A9FB0082F6F4 /* DesignableUITextField.swift */,
				207C5A7D2024733B00739CFC /* Stryng.swift */,
				201B792F205A6D15004CAFEC /* ZZYQRCodeSwift */,
				202034B51FFBB40900DCD534 /* CalendarKit */,
			);
			path = library;
			sourceTree = "<group>";
		};
		2047044420635036003A8CB2 /* User_Page */ = {
			isa = PBXGroup;
			children = (
				20FE3C732037CECF00FEBD6E /* RoomsViewController.swift */,
				20BF6DD31FE53BA1001FE977 /* HistoryViewController.swift */,
				202034B21FFBB3C400DCD534 /* RoomDetailViewController.swift */,
				209430CB1FF2248E00F3BDC0 /* IDCardViewController.swift */,
			);
			path = User_Page;
			sourceTree = "<group>";
		};
		204704452063505C003A8CB2 /* Object */ = {
			isa = PBXGroup;
			children = (
				202034B01FFB783800DCD534 /* Booking.swift */,
				202034AE1FFB735200DCD534 /* Room.swift */,
			);
			path = Object;
			sourceTree = "<group>";
		};
		20BF6D971FE50ECD001FE977 = {
			isa = PBXGroup;
			children = (
				20BF6DA21FE50ECD001FE977 /* Booking */,
				20BF6DB71FE50ECE001FE977 /* BookingTests */,
				20BF6DC21FE50ECE001FE977 /* BookingUITests */,
				20BF6DA11FE50ECD001FE977 /* Products */,
				2764E0CE60F8C61D647DA617 /* Pods */,
				73810BE153EEE12FEEF95634 /* Frameworks */,
			);
			sourceTree = "<group>";
		};
		20BF6DA11FE50ECD001FE977 /* Products */ = {
			isa = PBXGroup;
			children = (
				20BF6DA01FE50ECD001FE977 /* Booking.app */,
				20BF6DB41FE50ECE001FE977 /* BookingTests.xctest */,
				20BF6DBF1FE50ECE001FE977 /* BookingUITests.xctest */,
			);
			name = Products;
			sourceTree = "<group>";
		};
		20BF6DA21FE50ECD001FE977 /* Booking */ = {
			isa = PBXGroup;
			children = (
				20BF6DA31FE50ECD001FE977 /* AppDelegate.swift */,
				2047044320634DF1003A8CB2 /* library */,
				204704452063505C003A8CB2 /* Object */,
				20BF6DA51FE50ECD001FE977 /* LoginViewController.swift */,
				20BF6DD11FE52D62001FE977 /* RegisterViewController.swift */,
				2047044220634DC9003A8CB2 /* Admin_Page */,
				2047044420635036003A8CB2 /* User_Page */,
				20BF6DA71FE50ECD001FE977 /* Main.storyboard */,
				20BF6DAA1FE50ECD001FE977 /* Assets.xcassets */,
				20BF6DAC1FE50ECD001FE977 /* LaunchScreen.storyboard */,
				20BF6DAF1FE50ECD001FE977 /* Info.plist */,
			);
			path = Booking;
			sourceTree = "<group>";
		};
		20BF6DB71FE50ECE001FE977 /* BookingTests */ = {
			isa = PBXGroup;
			children = (
				20BF6DB81FE50ECE001FE977 /* BookingTests.swift */,
				20BF6DBA1FE50ECE001FE977 /* Info.plist */,
			);
			path = BookingTests;
			sourceTree = "<group>";
		};
		20BF6DC21FE50ECE001FE977 /* BookingUITests */ = {
			isa = PBXGroup;
			children = (
				20BF6DC31FE50ECE001FE977 /* BookingUITests.swift */,
				20BF6DC51FE50ECE001FE977 /* Info.plist */,
			);
			path = BookingUITests;
			sourceTree = "<group>";
		};
		2764E0CE60F8C61D647DA617 /* Pods */ = {
			isa = PBXGroup;
			children = (
				F265E8480ED7207BB1C1AFD7 /* Pods-Booking.debug.xcconfig */,
				67BA77E21F63A8D6603039C4 /* Pods-Booking.release.xcconfig */,
				9B6EF6509E584AA4D7CD4005 /* Pods-BookingTests.debug.xcconfig */,
				61A29A2BFD5CD7E8583D5EA4 /* Pods-BookingTests.release.xcconfig */,
				8DDE295CC27596FC89A00AA3 /* Pods-BookingUITests.debug.xcconfig */,
				953EFDB8F3DC4AF33878877D /* Pods-BookingUITests.release.xcconfig */,
			);
			name = Pods;
			sourceTree = "<group>";
		};
		73810BE153EEE12FEEF95634 /* Frameworks */ = {
			isa = PBXGroup;
			children = (
				894EB893C443391628107BE3 /* Pods_Booking.framework */,
				07590099FE1E04946E916913 /* Pods_BookingTests.framework */,
				E1F42BE24ACDB7237B3D2A69 /* Pods_BookingUITests.framework */,
			);
			name = Frameworks;
			sourceTree = "<group>";
		};
/* End PBXGroup section */

/* Begin PBXNativeTarget section */
		20BF6D9F1FE50ECD001FE977 /* Booking */ = {
			isa = PBXNativeTarget;
			buildConfigurationList = 20BF6DC81FE50ECE001FE977 /* Build configuration list for PBXNativeTarget "Booking" */;
			buildPhases = (
				024A8FB0754A2DBDF791CA21 /* [CP] Check Pods Manifest.lock */,
				20BF6D9C1FE50ECD001FE977 /* Sources */,
				20BF6D9D1FE50ECD001FE977 /* Frameworks */,
				20BF6D9E1FE50ECD001FE977 /* Resources */,
				7BE9B5596C1B51D27F4A5E04 /* [CP] Embed Pods Frameworks */,
				215AACDCED3C22A9D950E451 /* [CP] Copy Pods Resources */,
			);
			buildRules = (
			);
			dependencies = (
			);
			name = Booking;
			productName = Booking;
			productReference = 20BF6DA01FE50ECD001FE977 /* Booking.app */;
			productType = "com.apple.product-type.application";
		};
		20BF6DB31FE50ECE001FE977 /* BookingTests */ = {
			isa = PBXNativeTarget;
			buildConfigurationList = 20BF6DCB1FE50ECE001FE977 /* Build configuration list for PBXNativeTarget "BookingTests" */;
			buildPhases = (
				9E94C134587E4E6DEB719331 /* [CP] Check Pods Manifest.lock */,
				20BF6DB01FE50ECE001FE977 /* Sources */,
				20BF6DB11FE50ECE001FE977 /* Frameworks */,
				20BF6DB21FE50ECE001FE977 /* Resources */,
				A406E86E5AEF4ECCD3C8A985 /* [CP] Embed Pods Frameworks */,
				EC6DAE593714DA95669973CC /* [CP] Copy Pods Resources */,
			);
			buildRules = (
			);
			dependencies = (
				20BF6DB61FE50ECE001FE977 /* PBXTargetDependency */,
			);
			name = BookingTests;
			productName = BookingTests;
			productReference = 20BF6DB41FE50ECE001FE977 /* BookingTests.xctest */;
			productType = "com.apple.product-type.bundle.unit-test";
		};
		20BF6DBE1FE50ECE001FE977 /* BookingUITests */ = {
			isa = PBXNativeTarget;
			buildConfigurationList = 20BF6DCE1FE50ECE001FE977 /* Build configuration list for PBXNativeTarget "BookingUITests" */;
			buildPhases = (
				CB36461224CE3E072ECFB670 /* [CP] Check Pods Manifest.lock */,
				20BF6DBB1FE50ECE001FE977 /* Sources */,
				20BF6DBC1FE50ECE001FE977 /* Frameworks */,
				20BF6DBD1FE50ECE001FE977 /* Resources */,
				360C52B690C67C6200261392 /* [CP] Embed Pods Frameworks */,
				78D0ED8B6E733B6A2FFF86B8 /* [CP] Copy Pods Resources */,
			);
			buildRules = (
			);
			dependencies = (
				20BF6DC11FE50ECE001FE977 /* PBXTargetDependency */,
			);
			name = BookingUITests;
			productName = BookingUITests;
			productReference = 20BF6DBF1FE50ECE001FE977 /* BookingUITests.xctest */;
			productType = "com.apple.product-type.bundle.ui-testing";
		};
/* End PBXNativeTarget section */

/* Begin PBXProject section */
		20BF6D981FE50ECD001FE977 /* Project object */ = {
			isa = PBXProject;
			attributes = {
				LastSwiftUpdateCheck = 0920;
				LastUpgradeCheck = 0920;
				ORGANIZATIONNAME = BookingTeam;
				TargetAttributes = {
					20BF6D9F1FE50ECD001FE977 = {
						CreatedOnToolsVersion = 9.2;
						ProvisioningStyle = Automatic;
					};
					20BF6DB31FE50ECE001FE977 = {
						CreatedOnToolsVersion = 9.2;
						ProvisioningStyle = Automatic;
						TestTargetID = 20BF6D9F1FE50ECD001FE977;
					};
					20BF6DBE1FE50ECE001FE977 = {
						CreatedOnToolsVersion = 9.2;
						ProvisioningStyle = Automatic;
						TestTargetID = 20BF6D9F1FE50ECD001FE977;
					};
				};
			};
			buildConfigurationList = 20BF6D9B1FE50ECD001FE977 /* Build configuration list for PBXProject "Booking" */;
			compatibilityVersion = "Xcode 8.0";
			developmentRegion = en;
			hasScannedForEncodings = 0;
			knownRegions = (
				en,
				Base,
			);
			mainGroup = 20BF6D971FE50ECD001FE977;
			productRefGroup = 20BF6DA11FE50ECD001FE977 /* Products */;
			projectDirPath = "";
			projectRoot = "";
			targets = (
				20BF6D9F1FE50ECD001FE977 /* Booking */,
				20BF6DB31FE50ECE001FE977 /* BookingTests */,
				20BF6DBE1FE50ECE001FE977 /* BookingUITests */,
			);
		};
/* End PBXProject section */

/* Begin PBXResourcesBuildPhase section */
		20BF6D9E1FE50ECD001FE977 /* Resources */ = {
			isa = PBXResourcesBuildPhase;
			buildActionMask = 2147483647;
			files = (
				20BF6DAE1FE50ECD001FE977 /* LaunchScreen.storyboard in Resources */,
				20BF6DAB1FE50ECD001FE977 /* Assets.xcassets in Resources */,
				20BF6DA91FE50ECD001FE977 /* Main.storyboard in Resources */,
				201B7935205A6D15004CAFEC /* ZZYQRCode.bundle in Resources */,
			);
			runOnlyForDeploymentPostprocessing = 0;
		};
		20BF6DB21FE50ECE001FE977 /* Resources */ = {
			isa = PBXResourcesBuildPhase;
			buildActionMask = 2147483647;
			files = (
			);
			runOnlyForDeploymentPostprocessing = 0;
		};
		20BF6DBD1FE50ECE001FE977 /* Resources */ = {
			isa = PBXResourcesBuildPhase;
			buildActionMask = 2147483647;
			files = (
			);
			runOnlyForDeploymentPostprocessing = 0;
		};
/* End PBXResourcesBuildPhase section */

/* Begin PBXShellScriptBuildPhase section */
		024A8FB0754A2DBDF791CA21 /* [CP] Check Pods Manifest.lock */ = {
			isa = PBXShellScriptBuildPhase;
			buildActionMask = 2147483647;
			files = (
			);
			inputPaths = (
			);
			name = "[CP] Check Pods Manifest.lock";
			outputPaths = (
			);
			runOnlyForDeploymentPostprocessing = 0;
			shellPath = /bin/sh;
			shellScript = "diff \"${PODS_ROOT}/../Podfile.lock\" \"${PODS_ROOT}/Manifest.lock\" > /dev/null\nif [ $? != 0 ] ; then\n    # print error to STDERR\n    echo \"error: The sandbox is not in sync with the Podfile.lock. Run 'pod install' or update your CocoaPods installation.\" >&2\n    exit 1\nfi\n";
			showEnvVarsInLog = 0;
		};
		215AACDCED3C22A9D950E451 /* [CP] Copy Pods Resources */ = {
			isa = PBXShellScriptBuildPhase;
			buildActionMask = 2147483647;
			files = (
			);
			inputPaths = (
			);
			name = "[CP] Copy Pods Resources";
			outputPaths = (
			);
			runOnlyForDeploymentPostprocessing = 0;
			shellPath = /bin/sh;
			shellScript = "\"${SRCROOT}/Pods/Target Support Files/Pods-Booking/Pods-Booking-resources.sh\"\n";
			showEnvVarsInLog = 0;
		};
		360C52B690C67C6200261392 /* [CP] Embed Pods Frameworks */ = {
			isa = PBXShellScriptBuildPhase;
			buildActionMask = 2147483647;
			files = (
			);
			inputPaths = (
			);
			name = "[CP] Embed Pods Frameworks";
			outputPaths = (
			);
			runOnlyForDeploymentPostprocessing = 0;
			shellPath = /bin/sh;
			shellScript = "\"${SRCROOT}/Pods/Target Support Files/Pods-BookingUITests/Pods-BookingUITests-frameworks.sh\"\n";
			showEnvVarsInLog = 0;
		};
		78D0ED8B6E733B6A2FFF86B8 /* [CP] Copy Pods Resources */ = {
			isa = PBXShellScriptBuildPhase;
			buildActionMask = 2147483647;
			files = (
			);
			inputPaths = (
			);
			name = "[CP] Copy Pods Resources";
			outputPaths = (
			);
			runOnlyForDeploymentPostprocessing = 0;
			shellPath = /bin/sh;
			shellScript = "\"${SRCROOT}/Pods/Target Support Files/Pods-BookingUITests/Pods-BookingUITests-resources.sh\"\n";
			showEnvVarsInLog = 0;
		};
		7BE9B5596C1B51D27F4A5E04 /* [CP] Embed Pods Frameworks */ = {
			isa = PBXShellScriptBuildPhase;
			buildActionMask = 2147483647;
			files = (
			);
			inputPaths = (
			);
			name = "[CP] Embed Pods Frameworks";
			outputPaths = (
			);
			runOnlyForDeploymentPostprocessing = 0;
			shellPath = /bin/sh;
			shellScript = "\"${SRCROOT}/Pods/Target Support Files/Pods-Booking/Pods-Booking-frameworks.sh\"\n";
			showEnvVarsInLog = 0;
		};
		9E94C134587E4E6DEB719331 /* [CP] Check Pods Manifest.lock */ = {
			isa = PBXShellScriptBuildPhase;
			buildActionMask = 2147483647;
			files = (
			);
			inputPaths = (
			);
			name = "[CP] Check Pods Manifest.lock";
			outputPaths = (
			);
			runOnlyForDeploymentPostprocessing = 0;
			shellPath = /bin/sh;
			shellScript = "diff \"${PODS_ROOT}/../Podfile.lock\" \"${PODS_ROOT}/Manifest.lock\" > /dev/null\nif [ $? != 0 ] ; then\n    # print error to STDERR\n    echo \"error: The sandbox is not in sync with the Podfile.lock. Run 'pod install' or update your CocoaPods installation.\" >&2\n    exit 1\nfi\n";
			showEnvVarsInLog = 0;
		};
		A406E86E5AEF4ECCD3C8A985 /* [CP] Embed Pods Frameworks */ = {
			isa = PBXShellScriptBuildPhase;
			buildActionMask = 2147483647;
			files = (
			);
			inputPaths = (
			);
			name = "[CP] Embed Pods Frameworks";
			outputPaths = (
			);
			runOnlyForDeploymentPostprocessing = 0;
			shellPath = /bin/sh;
			shellScript = "\"${SRCROOT}/Pods/Target Support Files/Pods-BookingTests/Pods-BookingTests-frameworks.sh\"\n";
			showEnvVarsInLog = 0;
		};
		CB36461224CE3E072ECFB670 /* [CP] Check Pods Manifest.lock */ = {
			isa = PBXShellScriptBuildPhase;
			buildActionMask = 2147483647;
			files = (
			);
			inputPaths = (
			);
			name = "[CP] Check Pods Manifest.lock";
			outputPaths = (
			);
			runOnlyForDeploymentPostprocessing = 0;
			shellPath = /bin/sh;
			shellScript = "diff \"${PODS_ROOT}/../Podfile.lock\" \"${PODS_ROOT}/Manifest.lock\" > /dev/null\nif [ $? != 0 ] ; then\n    # print error to STDERR\n    echo \"error: The sandbox is not in sync with the Podfile.lock. Run 'pod install' or update your CocoaPods installation.\" >&2\n    exit 1\nfi\n";
			showEnvVarsInLog = 0;
		};
		EC6DAE593714DA95669973CC /* [CP] Copy Pods Resources */ = {
			isa = PBXShellScriptBuildPhase;
			buildActionMask = 2147483647;
			files = (
			);
			inputPaths = (
			);
			name = "[CP] Copy Pods Resources";
			outputPaths = (
			);
			runOnlyForDeploymentPostprocessing = 0;
			shellPath = /bin/sh;
			shellScript = "\"${SRCROOT}/Pods/Target Support Files/Pods-BookingTests/Pods-BookingTests-resources.sh\"\n";
			showEnvVarsInLog = 0;
		};
/* End PBXShellScriptBuildPhase section */

/* Begin PBXSourcesBuildPhase section */
		20BF6D9C1FE50ECD001FE977 /* Sources */ = {
			isa = PBXSourcesBuildPhase;
			buildActionMask = 2147483647;
			files = (
				207C5A7E2024733B00739CFC /* Stryng.swift in Sources */,
				201B7934205A6D15004CAFEC /* UIImage+ZZYQRCodeImage.swift in Sources */,
				20C1CC77205A6A740008135A /* ScanViewController.swift in Sources */,
				20FE3C742037CECF00FEBD6E /* RoomsViewController.swift in Sources */,
				202034B31FFBB3C400DCD534 /* RoomDetailViewController.swift in Sources */,
				202034B91FFBB42E00DCD534 /* StyleGenerator.swift in Sources */,
				2047044720635CCD003A8CB2 /* RoomsManageViewController.swift in Sources */,
				20BF6DD41FE53BA1001FE977 /* HistoryViewController.swift in Sources */,
				20BF6DD21FE52D62001FE977 /* RegisterViewController.swift in Sources */,
				202034AF1FFB735200DCD534 /* Room.swift in Sources */,
				201B7933205A6D15004CAFEC /* AVCaptureSessionManager.swift in Sources */,
				20BF6DA61FE50ECD001FE977 /* LoginViewController.swift in Sources */,
				20BF6DA41FE50ECD001FE977 /* AppDelegate.swift in Sources */,
				202034B81FFBB42E00DCD534 /* DatePickerController.swift in Sources */,
				2047044920638A62003A8CB2 /* BookingsViewController.swift in Sources */,
				209430CC1FF2248E00F3BDC0 /* IDCardViewController.swift in Sources */,
				202034B11FFB783800DCD534 /* Booking.swift in Sources */,
				20A6C2742057A9FB0082F6F4 /* DesignableUITextField.swift in Sources */,
			);
			runOnlyForDeploymentPostprocessing = 0;
		};
		20BF6DB01FE50ECE001FE977 /* Sources */ = {
			isa = PBXSourcesBuildPhase;
			buildActionMask = 2147483647;
			files = (
				20BF6DB91FE50ECE001FE977 /* BookingTests.swift in Sources */,
			);
			runOnlyForDeploymentPostprocessing = 0;
		};
		20BF6DBB1FE50ECE001FE977 /* Sources */ = {
			isa = PBXSourcesBuildPhase;
			buildActionMask = 2147483647;
			files = (
				20BF6DC41FE50ECE001FE977 /* BookingUITests.swift in Sources */,
			);
			runOnlyForDeploymentPostprocessing = 0;
		};
/* End PBXSourcesBuildPhase section */

/* Begin PBXTargetDependency section */
		20BF6DB61FE50ECE001FE977 /* PBXTargetDependency */ = {
			isa = PBXTargetDependency;
			target = 20BF6D9F1FE50ECD001FE977 /* Booking */;
			targetProxy = 20BF6DB51FE50ECE001FE977 /* PBXContainerItemProxy */;
		};
		20BF6DC11FE50ECE001FE977 /* PBXTargetDependency */ = {
			isa = PBXTargetDependency;
			target = 20BF6D9F1FE50ECD001FE977 /* Booking */;
			targetProxy = 20BF6DC01FE50ECE001FE977 /* PBXContainerItemProxy */;
		};
/* End PBXTargetDependency section */

/* Begin PBXVariantGroup section */
		20BF6DA71FE50ECD001FE977 /* Main.storyboard */ = {
			isa = PBXVariantGroup;
			children = (
				20BF6DA81FE50ECD001FE977 /* Base */,
			);
			name = Main.storyboard;
			sourceTree = "<group>";
		};
		20BF6DAC1FE50ECD001FE977 /* LaunchScreen.storyboard */ = {
			isa = PBXVariantGroup;
			children = (
				20BF6DAD1FE50ECD001FE977 /* Base */,
			);
			name = LaunchScreen.storyboard;
			sourceTree = "<group>";
		};
/* End PBXVariantGroup section */

/* Begin XCBuildConfiguration section */
		20BF6DC61FE50ECE001FE977 /* Debug */ = {
			isa = XCBuildConfiguration;
			buildSettings = {
				ALWAYS_SEARCH_USER_PATHS = NO;
				CLANG_ANALYZER_NONNULL = YES;
				CLANG_ANALYZER_NUMBER_OBJECT_CONVERSION = YES_AGGRESSIVE;
				CLANG_CXX_LANGUAGE_STANDARD = "gnu++14";
				CLANG_CXX_LIBRARY = "libc++";
				CLANG_ENABLE_MODULES = YES;
				CLANG_ENABLE_OBJC_ARC = YES;
				CLANG_WARN_BLOCK_CAPTURE_AUTORELEASING = YES;
				CLANG_WARN_BOOL_CONVERSION = YES;
				CLANG_WARN_COMMA = YES;
				CLANG_WARN_CONSTANT_CONVERSION = YES;
				CLANG_WARN_DIRECT_OBJC_ISA_USAGE = YES_ERROR;
				CLANG_WARN_DOCUMENTATION_COMMENTS = YES;
				CLANG_WARN_EMPTY_BODY = YES;
				CLANG_WARN_ENUM_CONVERSION = YES;
				CLANG_WARN_INFINITE_RECURSION = YES;
				CLANG_WARN_INT_CONVERSION = YES;
				CLANG_WARN_NON_LITERAL_NULL_CONVERSION = YES;
				CLANG_WARN_OBJC_LITERAL_CONVERSION = YES;
				CLANG_WARN_OBJC_ROOT_CLASS = YES_ERROR;
				CLANG_WARN_RANGE_LOOP_ANALYSIS = YES;
				CLANG_WARN_STRICT_PROTOTYPES = YES;
				CLANG_WARN_SUSPICIOUS_MOVE = YES;
				CLANG_WARN_UNGUARDED_AVAILABILITY = YES_AGGRESSIVE;
				CLANG_WARN_UNREACHABLE_CODE = YES;
				CLANG_WARN__DUPLICATE_METHOD_MATCH = YES;
				CODE_SIGN_IDENTITY = "iPhone Developer";
				COPY_PHASE_STRIP = NO;
				DEBUG_INFORMATION_FORMAT = dwarf;
				ENABLE_STRICT_OBJC_MSGSEND = YES;
				ENABLE_TESTABILITY = YES;
				GCC_C_LANGUAGE_STANDARD = gnu11;
				GCC_DYNAMIC_NO_PIC = NO;
				GCC_NO_COMMON_BLOCKS = YES;
				GCC_OPTIMIZATION_LEVEL = 0;
				GCC_PREPROCESSOR_DEFINITIONS = (
					"DEBUG=1",
					"$(inherited)",
				);
				GCC_WARN_64_TO_32_BIT_CONVERSION = YES;
				GCC_WARN_ABOUT_RETURN_TYPE = YES_ERROR;
				GCC_WARN_UNDECLARED_SELECTOR = YES;
				GCC_WARN_UNINITIALIZED_AUTOS = YES_AGGRESSIVE;
				GCC_WARN_UNUSED_FUNCTION = YES;
				GCC_WARN_UNUSED_VARIABLE = YES;
				IPHONEOS_DEPLOYMENT_TARGET = 11.2;
				MTL_ENABLE_DEBUG_INFO = YES;
				ONLY_ACTIVE_ARCH = YES;
				SDKROOT = iphoneos;
				SWIFT_ACTIVE_COMPILATION_CONDITIONS = DEBUG;
				SWIFT_OPTIMIZATION_LEVEL = "-Onone";
			};
			name = Debug;
		};
		20BF6DC71FE50ECE001FE977 /* Release */ = {
			isa = XCBuildConfiguration;
			buildSettings = {
				ALWAYS_SEARCH_USER_PATHS = NO;
				CLANG_ANALYZER_NONNULL = YES;
				CLANG_ANALYZER_NUMBER_OBJECT_CONVERSION = YES_AGGRESSIVE;
				CLANG_CXX_LANGUAGE_STANDARD = "gnu++14";
				CLANG_CXX_LIBRARY = "libc++";
				CLANG_ENABLE_MODULES = YES;
				CLANG_ENABLE_OBJC_ARC = YES;
				CLANG_WARN_BLOCK_CAPTURE_AUTORELEASING = YES;
				CLANG_WARN_BOOL_CONVERSION = YES;
				CLANG_WARN_COMMA = YES;
				CLANG_WARN_CONSTANT_CONVERSION = YES;
				CLANG_WARN_DIRECT_OBJC_ISA_USAGE = YES_ERROR;
				CLANG_WARN_DOCUMENTATION_COMMENTS = YES;
				CLANG_WARN_EMPTY_BODY = YES;
				CLANG_WARN_ENUM_CONVERSION = YES;
				CLANG_WARN_INFINITE_RECURSION = YES;
				CLANG_WARN_INT_CONVERSION = YES;
				CLANG_WARN_NON_LITERAL_NULL_CONVERSION = YES;
				CLANG_WARN_OBJC_LITERAL_CONVERSION = YES;
				CLANG_WARN_OBJC_ROOT_CLASS = YES_ERROR;
				CLANG_WARN_RANGE_LOOP_ANALYSIS = YES;
				CLANG_WARN_STRICT_PROTOTYPES = YES;
				CLANG_WARN_SUSPICIOUS_MOVE = YES;
				CLANG_WARN_UNGUARDED_AVAILABILITY = YES_AGGRESSIVE;
				CLANG_WARN_UNREACHABLE_CODE = YES;
				CLANG_WARN__DUPLICATE_METHOD_MATCH = YES;
				CODE_SIGN_IDENTITY = "iPhone Developer";
				COPY_PHASE_STRIP = NO;
				DEBUG_INFORMATION_FORMAT = "dwarf-with-dsym";
				ENABLE_NS_ASSERTIONS = NO;
				ENABLE_STRICT_OBJC_MSGSEND = YES;
				GCC_C_LANGUAGE_STANDARD = gnu11;
				GCC_NO_COMMON_BLOCKS = YES;
				GCC_WARN_64_TO_32_BIT_CONVERSION = YES;
				GCC_WARN_ABOUT_RETURN_TYPE = YES_ERROR;
				GCC_WARN_UNDECLARED_SELECTOR = YES;
				GCC_WARN_UNINITIALIZED_AUTOS = YES_AGGRESSIVE;
				GCC_WARN_UNUSED_FUNCTION = YES;
				GCC_WARN_UNUSED_VARIABLE = YES;
				IPHONEOS_DEPLOYMENT_TARGET = 11.2;
				MTL_ENABLE_DEBUG_INFO = NO;
				SDKROOT = iphoneos;
				SWIFT_OPTIMIZATION_LEVEL = "-Owholemodule";
				VALIDATE_PRODUCT = YES;
			};
			name = Release;
		};
		20BF6DC91FE50ECE001FE977 /* Debug */ = {
			isa = XCBuildConfiguration;
			baseConfigurationReference = F265E8480ED7207BB1C1AFD7 /* Pods-Booking.debug.xcconfig */;
			buildSettings = {
				ASSETCATALOG_COMPILER_APPICON_NAME = AppIcon;
				"CODE_SIGN_IDENTITY[sdk=iphoneos*]" = "iPhone Developer";
				CODE_SIGN_STYLE = Automatic;
				DEVELOPMENT_TEAM = AL869FRMV6;
				INFOPLIST_FILE = Booking/Info.plist;
				LD_RUNPATH_SEARCH_PATHS = "$(inherited) @executable_path/Frameworks";
				PRODUCT_BUNDLE_IDENTIFIER = booking.fyp.Booking;
				PRODUCT_NAME = "$(TARGET_NAME)";
				PROVISIONING_PROFILE_SPECIFIER = "";
				SWIFT_VERSION = 4.0;
				TARGETED_DEVICE_FAMILY = 1;
			};
			name = Debug;
		};
		20BF6DCA1FE50ECE001FE977 /* Release */ = {
			isa = XCBuildConfiguration;
			baseConfigurationReference = 67BA77E21F63A8D6603039C4 /* Pods-Booking.release.xcconfig */;
			buildSettings = {
				ASSETCATALOG_COMPILER_APPICON_NAME = AppIcon;
				"CODE_SIGN_IDENTITY[sdk=iphoneos*]" = "iPhone Developer";
				CODE_SIGN_STYLE = Automatic;
				DEVELOPMENT_TEAM = AL869FRMV6;
				INFOPLIST_FILE = Booking/Info.plist;
				LD_RUNPATH_SEARCH_PATHS = "$(inherited) @executable_path/Frameworks";
				PRODUCT_BUNDLE_IDENTIFIER = booking.fyp.Booking;
				PRODUCT_NAME = "$(TARGET_NAME)";
				PROVISIONING_PROFILE_SPECIFIER = "";
				SWIFT_VERSION = 4.0;
				TARGETED_DEVICE_FAMILY = 1;
			};
			name = Release;
		};
		20BF6DCC1FE50ECE001FE977 /* Debug */ = {
			isa = XCBuildConfiguration;
			baseConfigurationReference = 9B6EF6509E584AA4D7CD4005 /* Pods-BookingTests.debug.xcconfig */;
			buildSettings = {
				ALWAYS_EMBED_SWIFT_STANDARD_LIBRARIES = YES;
				BUNDLE_LOADER = "$(TEST_HOST)";
				CODE_SIGN_STYLE = Automatic;
				INFOPLIST_FILE = BookingTests/Info.plist;
				LD_RUNPATH_SEARCH_PATHS = "$(inherited) @executable_path/Frameworks @loader_path/Frameworks";
				PRODUCT_BUNDLE_IDENTIFIER = booking.BookingTests;
				PRODUCT_NAME = "$(TARGET_NAME)";
				SWIFT_VERSION = 4.0;
				TARGETED_DEVICE_FAMILY = "1,2";
				TEST_HOST = "$(BUILT_PRODUCTS_DIR)/Booking.app/Booking";
			};
			name = Debug;
		};
		20BF6DCD1FE50ECE001FE977 /* Release */ = {
			isa = XCBuildConfiguration;
			baseConfigurationReference = 61A29A2BFD5CD7E8583D5EA4 /* Pods-BookingTests.release.xcconfig */;
			buildSettings = {
				ALWAYS_EMBED_SWIFT_STANDARD_LIBRARIES = YES;
				BUNDLE_LOADER = "$(TEST_HOST)";
				CODE_SIGN_STYLE = Automatic;
				INFOPLIST_FILE = BookingTests/Info.plist;
				LD_RUNPATH_SEARCH_PATHS = "$(inherited) @executable_path/Frameworks @loader_path/Frameworks";
				PRODUCT_BUNDLE_IDENTIFIER = booking.BookingTests;
				PRODUCT_NAME = "$(TARGET_NAME)";
				SWIFT_VERSION = 4.0;
				TARGETED_DEVICE_FAMILY = "1,2";
				TEST_HOST = "$(BUILT_PRODUCTS_DIR)/Booking.app/Booking";
			};
			name = Release;
		};
		20BF6DCF1FE50ECE001FE977 /* Debug */ = {
			isa = XCBuildConfiguration;
			baseConfigurationReference = 8DDE295CC27596FC89A00AA3 /* Pods-BookingUITests.debug.xcconfig */;
			buildSettings = {
				ALWAYS_EMBED_SWIFT_STANDARD_LIBRARIES = YES;
				CODE_SIGN_STYLE = Automatic;
				INFOPLIST_FILE = BookingUITests/Info.plist;
				LD_RUNPATH_SEARCH_PATHS = "$(inherited) @executable_path/Frameworks @loader_path/Frameworks";
				PRODUCT_BUNDLE_IDENTIFIER = booking.BookingUITests;
				PRODUCT_NAME = "$(TARGET_NAME)";
				SWIFT_VERSION = 4.0;
				TARGETED_DEVICE_FAMILY = "1,2";
				TEST_TARGET_NAME = Booking;
			};
			name = Debug;
		};
		20BF6DD01FE50ECE001FE977 /* Release */ = {
			isa = XCBuildConfiguration;
			baseConfigurationReference = 953EFDB8F3DC4AF33878877D /* Pods-BookingUITests.release.xcconfig */;
			buildSettings = {
				ALWAYS_EMBED_SWIFT_STANDARD_LIBRARIES = YES;
				CODE_SIGN_STYLE = Automatic;
				INFOPLIST_FILE = BookingUITests/Info.plist;
				LD_RUNPATH_SEARCH_PATHS = "$(inherited) @executable_path/Frameworks @loader_path/Frameworks";
				PRODUCT_BUNDLE_IDENTIFIER = booking.BookingUITests;
				PRODUCT_NAME = "$(TARGET_NAME)";
				SWIFT_VERSION = 4.0;
				TARGETED_DEVICE_FAMILY = "1,2";
				TEST_TARGET_NAME = Booking;
			};
			name = Release;
		};
/* End XCBuildConfiguration section */

/* Begin XCConfigurationList section */
		20BF6D9B1FE50ECD001FE977 /* Build configuration list for PBXProject "Booking" */ = {
			isa = XCConfigurationList;
			buildConfigurations = (
				20BF6DC61FE50ECE001FE977 /* Debug */,
				20BF6DC71FE50ECE001FE977 /* Release */,
			);
			defaultConfigurationIsVisible = 0;
			defaultConfigurationName = Release;
		};
		20BF6DC81FE50ECE001FE977 /* Build configuration list for PBXNativeTarget "Booking" */ = {
			isa = XCConfigurationList;
			buildConfigurations = (
				20BF6DC91FE50ECE001FE977 /* Debug */,
				20BF6DCA1FE50ECE001FE977 /* Release */,
			);
			defaultConfigurationIsVisible = 0;
			defaultConfigurationName = Release;
		};
		20BF6DCB1FE50ECE001FE977 /* Build configuration list for PBXNativeTarget "BookingTests" */ = {
			isa = XCConfigurationList;
			buildConfigurations = (
				20BF6DCC1FE50ECE001FE977 /* Debug */,
				20BF6DCD1FE50ECE001FE977 /* Release */,
			);
			defaultConfigurationIsVisible = 0;
			defaultConfigurationName = Release;
		};
		20BF6DCE1FE50ECE001FE977 /* Build configuration list for PBXNativeTarget "BookingUITests" */ = {
			isa = XCConfigurationList;
			buildConfigurations = (
				20BF6DCF1FE50ECE001FE977 /* Debug */,
				20BF6DD01FE50ECE001FE977 /* Release */,
			);
			defaultConfigurationIsVisible = 0;
			defaultConfigurationName = Release;
		};
/* End XCConfigurationList section */
	};
	rootObject = 20BF6D981FE50ECD001FE977 /* Project object */;
}
